
Microsoft Visual Studio Solution File, Format Version 12.00
# Visual Studio Version 17
VisualStudioVersion = 17.14.36301.6
MinimumVisualStudioVersion = 10.0.40219.1
Project("{F184B08F-C81C-45F6-A57F-5ABD9991F28F}") = "Core", "..\..\GCModeller\src\runtime\sciBASIC#\Microsoft.VisualBasic.Core\src\Core.vbproj", "{396CCD83-4B4E-84CB-6056-022317FD64BE}"
EndProject
Project("{2150E333-8FDC-42A3-9474-1A3956D46DE8}") = "framework", "framework", "{02EA681E-C7D8-13C7-8484-4AC65E1B71E8}"
EndProject
Project("{F184B08F-C81C-45F6-A57F-5ABD9991F28F}") = "networking", "..\..\GCModeller\src\runtime\Darwinism\src\networking\networking.vbproj", "{17050B8A-91E6-72FD-B8AF-C42BED217B56}"
EndProject
Project("{F184B08F-C81C-45F6-A57F-5ABD9991F28F}") = "parallel-netcore5", "..\..\GCModeller\src\runtime\Darwinism\src\computing\Parallel\parallel-netcore5.vbproj", "{51505E18-A0D1-C025-EF58-E6D65ACFEF46}"
EndProject
Project("{F184B08F-C81C-45F6-A57F-5ABD9991F28F}") = "Centos.NET5", "..\..\GCModeller\src\runtime\Darwinism\src\CloudKit\Centos\Centos.NET5.vbproj", "{87DCE96B-D4C8-4ED1-14A7-5A29B9F3D40C}"
EndProject
Project("{F184B08F-C81C-45F6-A57F-5ABD9991F28F}") = "binarydata-netcore5", "..\..\GCModeller\src\runtime\sciBASIC#\Data\BinaryData\BinaryData\binarydata-netcore5.vbproj", "{5DABC780-D6D8-63AC-1C11-12B8D5B5CDC4}"
EndProject
Project("{F184B08F-C81C-45F6-A57F-5ABD9991F28F}") = "msgpack-netcore5", "..\..\GCModeller\src\runtime\sciBASIC#\Data\BinaryData\msgpack\msgpack-netcore5.vbproj", "{11A41FEE-FF70-F900-EF2D-AD256E1BAC3A}"
EndProject
Project("{F184B08F-C81C-45F6-A57F-5ABD9991F28F}") = "JSON-netcore5", "..\..\GCModeller\src\runtime\sciBASIC#\mime\application%json\JSON-netcore5.vbproj", "{BE4A2EA0-C600-FCE9-D542-79B9A0D68583}"
EndProject
Project("{F184B08F-C81C-45F6-A57F-5ABD9991F28F}") = "CellFarm", "CellFarm\CellFarm.vbproj", "{0B4E91CC-77FC-C3C7-55E3-7CC4B4C0A748}"
EndProject
Global
	GlobalSection(SolutionConfigurationPlatforms) = preSolution
		CFD_win32|Any CPU = CFD_win32|Any CPU
		CFD_win32|x64 = CFD_win32|x64
		CFD_win32|x86 = CFD_win32|x86
		Debug|Any CPU = Debug|Any CPU
		Debug|x64 = Debug|x64
		Debug|x86 = Debug|x86
		Desktop|Any CPU = Desktop|Any CPU
		Desktop|x64 = Desktop|x64
		Desktop|x86 = Desktop|x86
		Docker|Any CPU = Docker|Any CPU
		Docker|x64 = Docker|x64
		Docker|x86 = Docker|x86
		gcmodeller_desktop|Any CPU = gcmodeller_desktop|Any CPU
		gcmodeller_desktop|x64 = gcmodeller_desktop|x64
		gcmodeller_desktop|x86 = gcmodeller_desktop|x86
		LipidSearch|Any CPU = LipidSearch|Any CPU
		LipidSearch|x64 = LipidSearch|x64
		LipidSearch|x86 = LipidSearch|x86
		mzkit_win32|Any CPU = mzkit_win32|Any CPU
		mzkit_win32|x64 = mzkit_win32|x64
		mzkit_win32|x86 = mzkit_win32|x86
		mzkit|Any CPU = mzkit|Any CPU
		mzkit|x64 = mzkit|x64
		mzkit|x86 = mzkit|x86
		NPSearch|Any CPU = NPSearch|Any CPU
		NPSearch|x64 = NPSearch|x64
		NPSearch|x86 = NPSearch|x86
		nuget_release|Any CPU = nuget_release|Any CPU
		nuget_release|x64 = nuget_release|x64
		nuget_release|x86 = nuget_release|x86
		PlantMAT|Any CPU = PlantMAT|Any CPU
		PlantMAT|x64 = PlantMAT|x64
		PlantMAT|x86 = PlantMAT|x86
		Release|Any CPU = Release|Any CPU
		Release|x64 = Release|x64
		Release|x86 = Release|x86
		Rsharp_app_release|Any CPU = Rsharp_app_release|Any CPU
		Rsharp_app_release|x64 = Rsharp_app_release|x64
		Rsharp_app_release|x86 = Rsharp_app_release|x86
	EndGlobalSection
	GlobalSection(ProjectConfigurationPlatforms) = postSolution
		{396CCD83-4B4E-84CB-6056-022317FD64BE}.CFD_win32|Any CPU.ActiveCfg = CFD_win32|Any CPU
		{396CCD83-4B4E-84CB-6056-022317FD64BE}.CFD_win32|Any CPU.Build.0 = CFD_win32|Any CPU
		{396CCD83-4B4E-84CB-6056-022317FD64BE}.CFD_win32|x64.ActiveCfg = CFD_win32|x64
		{396CCD83-4B4E-84CB-6056-022317FD64BE}.CFD_win32|x64.Build.0 = CFD_win32|x64
		{396CCD83-4B4E-84CB-6056-022317FD64BE}.CFD_win32|x86.ActiveCfg = CFD_win32|x86
		{396CCD83-4B4E-84CB-6056-022317FD64BE}.CFD_win32|x86.Build.0 = CFD_win32|x86
		{396CCD83-4B4E-84CB-6056-022317FD64BE}.Debug|Any CPU.ActiveCfg = Debug|Any CPU
		{396CCD83-4B4E-84CB-6056-022317FD64BE}.Debug|Any CPU.Build.0 = Debug|Any CPU
		{396CCD83-4B4E-84CB-6056-022317FD64BE}.Debug|x64.ActiveCfg = Debug|x64
		{396CCD83-4B4E-84CB-6056-022317FD64BE}.Debug|x64.Build.0 = Debug|x64
		{396CCD83-4B4E-84CB-6056-022317FD64BE}.Debug|x86.ActiveCfg = Debug|x86
		{396CCD83-4B4E-84CB-6056-022317FD64BE}.Debug|x86.Build.0 = Debug|x86
		{396CCD83-4B4E-84CB-6056-022317FD64BE}.Desktop|Any CPU.ActiveCfg = Desktop|Any CPU
		{396CCD83-4B4E-84CB-6056-022317FD64BE}.Desktop|Any CPU.Build.0 = Desktop|Any CPU
		{396CCD83-4B4E-84CB-6056-022317FD64BE}.Desktop|x64.ActiveCfg = Desktop|x64
		{396CCD83-4B4E-84CB-6056-022317FD64BE}.Desktop|x64.Build.0 = Desktop|x64
		{396CCD83-4B4E-84CB-6056-022317FD64BE}.Desktop|x86.ActiveCfg = Desktop|x86
		{396CCD83-4B4E-84CB-6056-022317FD64BE}.Desktop|x86.Build.0 = Desktop|x86
		{396CCD83-4B4E-84CB-6056-022317FD64BE}.Docker|Any CPU.ActiveCfg = Docker|Any CPU
		{396CCD83-4B4E-84CB-6056-022317FD64BE}.Docker|Any CPU.Build.0 = Docker|Any CPU
		{396CCD83-4B4E-84CB-6056-022317FD64BE}.Docker|x64.ActiveCfg = Docker|x64
		{396CCD83-4B4E-84CB-6056-022317FD64BE}.Docker|x64.Build.0 = Docker|x64
		{396CCD83-4B4E-84CB-6056-022317FD64BE}.Docker|x86.ActiveCfg = Docker|x86
		{396CCD83-4B4E-84CB-6056-022317FD64BE}.Docker|x86.Build.0 = Docker|x86
		{396CCD83-4B4E-84CB-6056-022317FD64BE}.gcmodeller_desktop|Any CPU.ActiveCfg = gcmodeller_desktop|Any CPU
		{396CCD83-4B4E-84CB-6056-022317FD64BE}.gcmodeller_desktop|Any CPU.Build.0 = gcmodeller_desktop|Any CPU
		{396CCD83-4B4E-84CB-6056-022317FD64BE}.gcmodeller_desktop|x64.ActiveCfg = gcmodeller_desktop|x64
		{396CCD83-4B4E-84CB-6056-022317FD64BE}.gcmodeller_desktop|x64.Build.0 = gcmodeller_desktop|x64
		{396CCD83-4B4E-84CB-6056-022317FD64BE}.gcmodeller_desktop|x86.ActiveCfg = gcmodeller_desktop|x86
		{396CCD83-4B4E-84CB-6056-022317FD64BE}.gcmodeller_desktop|x86.Build.0 = gcmodeller_desktop|x86
		{396CCD83-4B4E-84CB-6056-022317FD64BE}.LipidSearch|Any CPU.ActiveCfg = LipidSearch|Any CPU
		{396CCD83-4B4E-84CB-6056-022317FD64BE}.LipidSearch|Any CPU.Build.0 = LipidSearch|Any CPU
		{396CCD83-4B4E-84CB-6056-022317FD64BE}.LipidSearch|x64.ActiveCfg = LipidSearch|x64
		{396CCD83-4B4E-84CB-6056-022317FD64BE}.LipidSearch|x64.Build.0 = LipidSearch|x64
		{396CCD83-4B4E-84CB-6056-022317FD64BE}.LipidSearch|x86.ActiveCfg = LipidSearch|x86
		{396CCD83-4B4E-84CB-6056-022317FD64BE}.LipidSearch|x86.Build.0 = LipidSearch|x86
		{396CCD83-4B4E-84CB-6056-022317FD64BE}.mzkit_win32|Any CPU.ActiveCfg = mzkit_win32|Any CPU
		{396CCD83-4B4E-84CB-6056-022317FD64BE}.mzkit_win32|Any CPU.Build.0 = mzkit_win32|Any CPU
		{396CCD83-4B4E-84CB-6056-022317FD64BE}.mzkit_win32|x64.ActiveCfg = mzkit_win32|x64
		{396CCD83-4B4E-84CB-6056-022317FD64BE}.mzkit_win32|x64.Build.0 = mzkit_win32|x64
		{396CCD83-4B4E-84CB-6056-022317FD64BE}.mzkit_win32|x86.ActiveCfg = mzkit_win32|x86
		{396CCD83-4B4E-84CB-6056-022317FD64BE}.mzkit_win32|x86.Build.0 = mzkit_win32|x86
		{396CCD83-4B4E-84CB-6056-022317FD64BE}.mzkit|Any CPU.ActiveCfg = mzkit|Any CPU
		{396CCD83-4B4E-84CB-6056-022317FD64BE}.mzkit|Any CPU.Build.0 = mzkit|Any CPU
		{396CCD83-4B4E-84CB-6056-022317FD64BE}.mzkit|x64.ActiveCfg = mzkit|x64
		{396CCD83-4B4E-84CB-6056-022317FD64BE}.mzkit|x64.Build.0 = mzkit|x64
		{396CCD83-4B4E-84CB-6056-022317FD64BE}.mzkit|x86.ActiveCfg = mzkit|x86
		{396CCD83-4B4E-84CB-6056-022317FD64BE}.mzkit|x86.Build.0 = mzkit|x86
		{396CCD83-4B4E-84CB-6056-022317FD64BE}.NPSearch|Any CPU.ActiveCfg = NPSearch|Any CPU
		{396CCD83-4B4E-84CB-6056-022317FD64BE}.NPSearch|Any CPU.Build.0 = NPSearch|Any CPU
		{396CCD83-4B4E-84CB-6056-022317FD64BE}.NPSearch|x64.ActiveCfg = NPSearch|x64
		{396CCD83-4B4E-84CB-6056-022317FD64BE}.NPSearch|x64.Build.0 = NPSearch|x64
		{396CCD83-4B4E-84CB-6056-022317FD64BE}.NPSearch|x86.ActiveCfg = NPSearch|x86
		{396CCD83-4B4E-84CB-6056-022317FD64BE}.NPSearch|x86.Build.0 = NPSearch|x86
		{396CCD83-4B4E-84CB-6056-022317FD64BE}.nuget_release|Any CPU.ActiveCfg = nuget_release|Any CPU
		{396CCD83-4B4E-84CB-6056-022317FD64BE}.nuget_release|Any CPU.Build.0 = nuget_release|Any CPU
		{396CCD83-4B4E-84CB-6056-022317FD64BE}.nuget_release|x64.ActiveCfg = nuget_release|x64
		{396CCD83-4B4E-84CB-6056-022317FD64BE}.nuget_release|x64.Build.0 = nuget_release|x64
		{396CCD83-4B4E-84CB-6056-022317FD64BE}.nuget_release|x86.ActiveCfg = nuget_release|x86
		{396CCD83-4B4E-84CB-6056-022317FD64BE}.nuget_release|x86.Build.0 = nuget_release|x86
		{396CCD83-4B4E-84CB-6056-022317FD64BE}.PlantMAT|Any CPU.ActiveCfg = PlantMAT|Any CPU
		{396CCD83-4B4E-84CB-6056-022317FD64BE}.PlantMAT|Any CPU.Build.0 = PlantMAT|Any CPU
		{396CCD83-4B4E-84CB-6056-022317FD64BE}.PlantMAT|x64.ActiveCfg = PlantMAT|x64
		{396CCD83-4B4E-84CB-6056-022317FD64BE}.PlantMAT|x64.Build.0 = PlantMAT|x64
		{396CCD83-4B4E-84CB-6056-022317FD64BE}.PlantMAT|x86.ActiveCfg = PlantMAT|x86
		{396CCD83-4B4E-84CB-6056-022317FD64BE}.PlantMAT|x86.Build.0 = PlantMAT|x86
		{396CCD83-4B4E-84CB-6056-022317FD64BE}.Release|Any CPU.ActiveCfg = Release|Any CPU
		{396CCD83-4B4E-84CB-6056-022317FD64BE}.Release|Any CPU.Build.0 = Release|Any CPU
		{396CCD83-4B4E-84CB-6056-022317FD64BE}.Release|x64.ActiveCfg = Release|x64
		{396CCD83-4B4E-84CB-6056-022317FD64BE}.Release|x64.Build.0 = Release|x64
		{396CCD83-4B4E-84CB-6056-022317FD64BE}.Release|x86.ActiveCfg = Release|x86
		{396CCD83-4B4E-84CB-6056-022317FD64BE}.Release|x86.Build.0 = Release|x86
		{396CCD83-4B4E-84CB-6056-022317FD64BE}.Rsharp_app_release|Any CPU.ActiveCfg = Rsharp_app_release|Any CPU
		{396CCD83-4B4E-84CB-6056-022317FD64BE}.Rsharp_app_release|Any CPU.Build.0 = Rsharp_app_release|Any CPU
		{396CCD83-4B4E-84CB-6056-022317FD64BE}.Rsharp_app_release|x64.ActiveCfg = Rsharp_app_release|x64
		{396CCD83-4B4E-84CB-6056-022317FD64BE}.Rsharp_app_release|x64.Build.0 = Rsharp_app_release|x64
		{396CCD83-4B4E-84CB-6056-022317FD64BE}.Rsharp_app_release|x86.ActiveCfg = Rsharp_app_release|x86
		{396CCD83-4B4E-84CB-6056-022317FD64BE}.Rsharp_app_release|x86.Build.0 = Rsharp_app_release|x86
		{17050B8A-91E6-72FD-B8AF-C42BED217B56}.CFD_win32|Any CPU.ActiveCfg = CFD_win32|Any CPU
		{17050B8A-91E6-72FD-B8AF-C42BED217B56}.CFD_win32|Any CPU.Build.0 = CFD_win32|Any CPU
		{17050B8A-91E6-72FD-B8AF-C42BED217B56}.CFD_win32|x64.ActiveCfg = CFD_win32|x64
		{17050B8A-91E6-72FD-B8AF-C42BED217B56}.CFD_win32|x64.Build.0 = CFD_win32|x64
		{17050B8A-91E6-72FD-B8AF-C42BED217B56}.CFD_win32|x86.ActiveCfg = CFD_win32|x86
		{17050B8A-91E6-72FD-B8AF-C42BED217B56}.CFD_win32|x86.Build.0 = CFD_win32|x86
		{17050B8A-91E6-72FD-B8AF-C42BED217B56}.Debug|Any CPU.ActiveCfg = Debug|Any CPU
		{17050B8A-91E6-72FD-B8AF-C42BED217B56}.Debug|Any CPU.Build.0 = Debug|Any CPU
		{17050B8A-91E6-72FD-B8AF-C42BED217B56}.Debug|x64.ActiveCfg = Debug|x64
		{17050B8A-91E6-72FD-B8AF-C42BED217B56}.Debug|x64.Build.0 = Debug|x64
		{17050B8A-91E6-72FD-B8AF-C42BED217B56}.Debug|x86.ActiveCfg = Debug|x86
		{17050B8A-91E6-72FD-B8AF-C42BED217B56}.Debug|x86.Build.0 = Debug|x86
		{17050B8A-91E6-72FD-B8AF-C42BED217B56}.Desktop|Any CPU.ActiveCfg = Rsharp_app_release|Any CPU
		{17050B8A-91E6-72FD-B8AF-C42BED217B56}.Desktop|Any CPU.Build.0 = Rsharp_app_release|Any CPU
		{17050B8A-91E6-72FD-B8AF-C42BED217B56}.Desktop|x64.ActiveCfg = Rsharp_app_release|x64
		{17050B8A-91E6-72FD-B8AF-C42BED217B56}.Desktop|x64.Build.0 = Rsharp_app_release|x64
		{17050B8A-91E6-72FD-B8AF-C42BED217B56}.Desktop|x86.ActiveCfg = Rsharp_app_release|x86
		{17050B8A-91E6-72FD-B8AF-C42BED217B56}.Desktop|x86.Build.0 = Rsharp_app_release|x86
		{17050B8A-91E6-72FD-B8AF-C42BED217B56}.Docker|Any CPU.ActiveCfg = Docker|Any CPU
		{17050B8A-91E6-72FD-B8AF-C42BED217B56}.Docker|Any CPU.Build.0 = Docker|Any CPU
		{17050B8A-91E6-72FD-B8AF-C42BED217B56}.Docker|x64.ActiveCfg = Docker|x64
		{17050B8A-91E6-72FD-B8AF-C42BED217B56}.Docker|x64.Build.0 = Docker|x64
		{17050B8A-91E6-72FD-B8AF-C42BED217B56}.Docker|x86.ActiveCfg = Docker|x86
		{17050B8A-91E6-72FD-B8AF-C42BED217B56}.Docker|x86.Build.0 = Docker|x86
		{17050B8A-91E6-72FD-B8AF-C42BED217B56}.gcmodeller_desktop|Any CPU.ActiveCfg = gcmodeller_desktop|Any CPU
		{17050B8A-91E6-72FD-B8AF-C42BED217B56}.gcmodeller_desktop|Any CPU.Build.0 = gcmodeller_desktop|Any CPU
		{17050B8A-91E6-72FD-B8AF-C42BED217B56}.gcmodeller_desktop|x64.ActiveCfg = gcmodeller_desktop|x64
		{17050B8A-91E6-72FD-B8AF-C42BED217B56}.gcmodeller_desktop|x64.Build.0 = gcmodeller_desktop|x64
		{17050B8A-91E6-72FD-B8AF-C42BED217B56}.gcmodeller_desktop|x86.ActiveCfg = gcmodeller_desktop|x86
		{17050B8A-91E6-72FD-B8AF-C42BED217B56}.gcmodeller_desktop|x86.Build.0 = gcmodeller_desktop|x86
		{17050B8A-91E6-72FD-B8AF-C42BED217B56}.LipidSearch|Any CPU.ActiveCfg = LipidSearch|Any CPU
		{17050B8A-91E6-72FD-B8AF-C42BED217B56}.LipidSearch|Any CPU.Build.0 = LipidSearch|Any CPU
		{17050B8A-91E6-72FD-B8AF-C42BED217B56}.LipidSearch|x64.ActiveCfg = LipidSearch|x64
		{17050B8A-91E6-72FD-B8AF-C42BED217B56}.LipidSearch|x64.Build.0 = LipidSearch|x64
		{17050B8A-91E6-72FD-B8AF-C42BED217B56}.LipidSearch|x86.ActiveCfg = LipidSearch|x86
		{17050B8A-91E6-72FD-B8AF-C42BED217B56}.LipidSearch|x86.Build.0 = LipidSearch|x86
		{17050B8A-91E6-72FD-B8AF-C42BED217B56}.mzkit_win32|Any CPU.ActiveCfg = mzkit_win32|Any CPU
		{17050B8A-91E6-72FD-B8AF-C42BED217B56}.mzkit_win32|Any CPU.Build.0 = mzkit_win32|Any CPU
		{17050B8A-91E6-72FD-B8AF-C42BED217B56}.mzkit_win32|x64.ActiveCfg = mzkit_win32|x64
		{17050B8A-91E6-72FD-B8AF-C42BED217B56}.mzkit_win32|x64.Build.0 = mzkit_win32|x64
		{17050B8A-91E6-72FD-B8AF-C42BED217B56}.mzkit_win32|x86.ActiveCfg = mzkit_win32|x86
		{17050B8A-91E6-72FD-B8AF-C42BED217B56}.mzkit_win32|x86.Build.0 = mzkit_win32|x86
		{17050B8A-91E6-72FD-B8AF-C42BED217B56}.mzkit|Any CPU.ActiveCfg = Debug|Any CPU
		{17050B8A-91E6-72FD-B8AF-C42BED217B56}.mzkit|Any CPU.Build.0 = Debug|Any CPU
		{17050B8A-91E6-72FD-B8AF-C42BED217B56}.mzkit|x64.ActiveCfg = Debug|x64
		{17050B8A-91E6-72FD-B8AF-C42BED217B56}.mzkit|x64.Build.0 = Debug|x64
		{17050B8A-91E6-72FD-B8AF-C42BED217B56}.mzkit|x86.ActiveCfg = Debug|x86
		{17050B8A-91E6-72FD-B8AF-C42BED217B56}.mzkit|x86.Build.0 = Debug|x86
		{17050B8A-91E6-72FD-B8AF-C42BED217B56}.NPSearch|Any CPU.ActiveCfg = NPSearch|Any CPU
		{17050B8A-91E6-72FD-B8AF-C42BED217B56}.NPSearch|Any CPU.Build.0 = NPSearch|Any CPU
		{17050B8A-91E6-72FD-B8AF-C42BED217B56}.NPSearch|x64.ActiveCfg = NPSearch|x64
		{17050B8A-91E6-72FD-B8AF-C42BED217B56}.NPSearch|x64.Build.0 = NPSearch|x64
		{17050B8A-91E6-72FD-B8AF-C42BED217B56}.NPSearch|x86.ActiveCfg = NPSearch|x86
		{17050B8A-91E6-72FD-B8AF-C42BED217B56}.NPSearch|x86.Build.0 = NPSearch|x86
		{17050B8A-91E6-72FD-B8AF-C42BED217B56}.nuget_release|Any CPU.ActiveCfg = nuget_release|Any CPU
		{17050B8A-91E6-72FD-B8AF-C42BED217B56}.nuget_release|Any CPU.Build.0 = nuget_release|Any CPU
		{17050B8A-91E6-72FD-B8AF-C42BED217B56}.nuget_release|x64.ActiveCfg = nuget_release|x64
		{17050B8A-91E6-72FD-B8AF-C42BED217B56}.nuget_release|x64.Build.0 = nuget_release|x64
		{17050B8A-91E6-72FD-B8AF-C42BED217B56}.nuget_release|x86.ActiveCfg = nuget_release|x86
		{17050B8A-91E6-72FD-B8AF-C42BED217B56}.nuget_release|x86.Build.0 = nuget_release|x86
		{17050B8A-91E6-72FD-B8AF-C42BED217B56}.PlantMAT|Any CPU.ActiveCfg = PlantMAT|Any CPU
		{17050B8A-91E6-72FD-B8AF-C42BED217B56}.PlantMAT|Any CPU.Build.0 = PlantMAT|Any CPU
		{17050B8A-91E6-72FD-B8AF-C42BED217B56}.PlantMAT|x64.ActiveCfg = PlantMAT|x64
		{17050B8A-91E6-72FD-B8AF-C42BED217B56}.PlantMAT|x64.Build.0 = PlantMAT|x64
		{17050B8A-91E6-72FD-B8AF-C42BED217B56}.PlantMAT|x86.ActiveCfg = PlantMAT|x86
		{17050B8A-91E6-72FD-B8AF-C42BED217B56}.PlantMAT|x86.Build.0 = PlantMAT|x86
		{17050B8A-91E6-72FD-B8AF-C42BED217B56}.Release|Any CPU.ActiveCfg = Release|Any CPU
		{17050B8A-91E6-72FD-B8AF-C42BED217B56}.Release|Any CPU.Build.0 = Release|Any CPU
		{17050B8A-91E6-72FD-B8AF-C42BED217B56}.Release|x64.ActiveCfg = Release|x64
		{17050B8A-91E6-72FD-B8AF-C42BED217B56}.Release|x64.Build.0 = Release|x64
		{17050B8A-91E6-72FD-B8AF-C42BED217B56}.Release|x86.ActiveCfg = Release|x86
		{17050B8A-91E6-72FD-B8AF-C42BED217B56}.Release|x86.Build.0 = Release|x86
		{17050B8A-91E6-72FD-B8AF-C42BED217B56}.Rsharp_app_release|Any CPU.ActiveCfg = Rsharp_app_release|Any CPU
		{17050B8A-91E6-72FD-B8AF-C42BED217B56}.Rsharp_app_release|Any CPU.Build.0 = Rsharp_app_release|Any CPU
		{17050B8A-91E6-72FD-B8AF-C42BED217B56}.Rsharp_app_release|x64.ActiveCfg = Rsharp_app_release|x64
		{17050B8A-91E6-72FD-B8AF-C42BED217B56}.Rsharp_app_release|x64.Build.0 = Rsharp_app_release|x64
		{17050B8A-91E6-72FD-B8AF-C42BED217B56}.Rsharp_app_release|x86.ActiveCfg = Rsharp_app_release|x86
		{17050B8A-91E6-72FD-B8AF-C42BED217B56}.Rsharp_app_release|x86.Build.0 = Rsharp_app_release|x86
		{51505E18-A0D1-C025-EF58-E6D65ACFEF46}.CFD_win32|Any CPU.ActiveCfg = Rsharp_app_release|Any CPU
		{51505E18-A0D1-C025-EF58-E6D65ACFEF46}.CFD_win32|Any CPU.Build.0 = Rsharp_app_release|Any CPU
		{51505E18-A0D1-C025-EF58-E6D65ACFEF46}.CFD_win32|x64.ActiveCfg = Rsharp_app_release|x64
		{51505E18-A0D1-C025-EF58-E6D65ACFEF46}.CFD_win32|x64.Build.0 = Rsharp_app_release|x64
		{51505E18-A0D1-C025-EF58-E6D65ACFEF46}.CFD_win32|x86.ActiveCfg = Rsharp_app_release|Any CPU
		{51505E18-A0D1-C025-EF58-E6D65ACFEF46}.CFD_win32|x86.Build.0 = Rsharp_app_release|Any CPU
		{51505E18-A0D1-C025-EF58-E6D65ACFEF46}.Debug|Any CPU.ActiveCfg = Debug|Any CPU
		{51505E18-A0D1-C025-EF58-E6D65ACFEF46}.Debug|Any CPU.Build.0 = Debug|Any CPU
		{51505E18-A0D1-C025-EF58-E6D65ACFEF46}.Debug|x64.ActiveCfg = Debug|x64
		{51505E18-A0D1-C025-EF58-E6D65ACFEF46}.Debug|x64.Build.0 = Debug|x64
		{51505E18-A0D1-C025-EF58-E6D65ACFEF46}.Debug|x86.ActiveCfg = Debug|Any CPU
		{51505E18-A0D1-C025-EF58-E6D65ACFEF46}.Debug|x86.Build.0 = Debug|Any CPU
		{51505E18-A0D1-C025-EF58-E6D65ACFEF46}.Desktop|Any CPU.ActiveCfg = Rsharp_app_release|Any CPU
		{51505E18-A0D1-C025-EF58-E6D65ACFEF46}.Desktop|Any CPU.Build.0 = Rsharp_app_release|Any CPU
		{51505E18-A0D1-C025-EF58-E6D65ACFEF46}.Desktop|x64.ActiveCfg = Rsharp_app_release|x64
		{51505E18-A0D1-C025-EF58-E6D65ACFEF46}.Desktop|x64.Build.0 = Rsharp_app_release|x64
		{51505E18-A0D1-C025-EF58-E6D65ACFEF46}.Desktop|x86.ActiveCfg = Rsharp_app_release|Any CPU
		{51505E18-A0D1-C025-EF58-E6D65ACFEF46}.Desktop|x86.Build.0 = Rsharp_app_release|Any CPU
		{51505E18-A0D1-C025-EF58-E6D65ACFEF46}.Docker|Any CPU.ActiveCfg = Docker|Any CPU
		{51505E18-A0D1-C025-EF58-E6D65ACFEF46}.Docker|Any CPU.Build.0 = Docker|Any CPU
		{51505E18-A0D1-C025-EF58-E6D65ACFEF46}.Docker|x64.ActiveCfg = Docker|x64
		{51505E18-A0D1-C025-EF58-E6D65ACFEF46}.Docker|x64.Build.0 = Docker|x64
		{51505E18-A0D1-C025-EF58-E6D65ACFEF46}.Docker|x86.ActiveCfg = Docker|Any CPU
		{51505E18-A0D1-C025-EF58-E6D65ACFEF46}.Docker|x86.Build.0 = Docker|Any CPU
		{51505E18-A0D1-C025-EF58-E6D65ACFEF46}.gcmodeller_desktop|Any CPU.ActiveCfg = gcmodeller_desktop|Any CPU
		{51505E18-A0D1-C025-EF58-E6D65ACFEF46}.gcmodeller_desktop|Any CPU.Build.0 = gcmodeller_desktop|Any CPU
		{51505E18-A0D1-C025-EF58-E6D65ACFEF46}.gcmodeller_desktop|x64.ActiveCfg = gcmodeller_desktop|x64
		{51505E18-A0D1-C025-EF58-E6D65ACFEF46}.gcmodeller_desktop|x64.Build.0 = gcmodeller_desktop|x64
		{51505E18-A0D1-C025-EF58-E6D65ACFEF46}.gcmodeller_desktop|x86.ActiveCfg = gcmodeller_desktop|Any CPU
		{51505E18-A0D1-C025-EF58-E6D65ACFEF46}.gcmodeller_desktop|x86.Build.0 = gcmodeller_desktop|Any CPU
		{51505E18-A0D1-C025-EF58-E6D65ACFEF46}.LipidSearch|Any CPU.ActiveCfg = PlantMAT|Any CPU
		{51505E18-A0D1-C025-EF58-E6D65ACFEF46}.LipidSearch|Any CPU.Build.0 = PlantMAT|Any CPU
		{51505E18-A0D1-C025-EF58-E6D65ACFEF46}.LipidSearch|x64.ActiveCfg = PlantMAT|x64
		{51505E18-A0D1-C025-EF58-E6D65ACFEF46}.LipidSearch|x64.Build.0 = PlantMAT|x64
		{51505E18-A0D1-C025-EF58-E6D65ACFEF46}.LipidSearch|x86.ActiveCfg = PlantMAT|Any CPU
		{51505E18-A0D1-C025-EF58-E6D65ACFEF46}.LipidSearch|x86.Build.0 = PlantMAT|Any CPU
		{51505E18-A0D1-C025-EF58-E6D65ACFEF46}.mzkit_win32|Any CPU.ActiveCfg = mzkit_win32|Any CPU
		{51505E18-A0D1-C025-EF58-E6D65ACFEF46}.mzkit_win32|Any CPU.Build.0 = mzkit_win32|Any CPU
		{51505E18-A0D1-C025-EF58-E6D65ACFEF46}.mzkit_win32|x64.ActiveCfg = mzkit_win32|x64
		{51505E18-A0D1-C025-EF58-E6D65ACFEF46}.mzkit_win32|x64.Build.0 = mzkit_win32|x64
		{51505E18-A0D1-C025-EF58-E6D65ACFEF46}.mzkit_win32|x86.ActiveCfg = mzkit_win32|Any CPU
		{51505E18-A0D1-C025-EF58-E6D65ACFEF46}.mzkit_win32|x86.Build.0 = mzkit_win32|Any CPU
		{51505E18-A0D1-C025-EF58-E6D65ACFEF46}.mzkit|Any CPU.ActiveCfg = Debug|Any CPU
		{51505E18-A0D1-C025-EF58-E6D65ACFEF46}.mzkit|Any CPU.Build.0 = Debug|Any CPU
		{51505E18-A0D1-C025-EF58-E6D65ACFEF46}.mzkit|x64.ActiveCfg = Debug|x64
		{51505E18-A0D1-C025-EF58-E6D65ACFEF46}.mzkit|x64.Build.0 = Debug|x64
		{51505E18-A0D1-C025-EF58-E6D65ACFEF46}.mzkit|x86.ActiveCfg = Debug|Any CPU
		{51505E18-A0D1-C025-EF58-E6D65ACFEF46}.mzkit|x86.Build.0 = Debug|Any CPU
		{51505E18-A0D1-C025-EF58-E6D65ACFEF46}.NPSearch|Any CPU.ActiveCfg = Rsharp_app_release|Any CPU
		{51505E18-A0D1-C025-EF58-E6D65ACFEF46}.NPSearch|Any CPU.Build.0 = Rsharp_app_release|Any CPU
		{51505E18-A0D1-C025-EF58-E6D65ACFEF46}.NPSearch|x64.ActiveCfg = Rsharp_app_release|x64
		{51505E18-A0D1-C025-EF58-E6D65ACFEF46}.NPSearch|x64.Build.0 = Rsharp_app_release|x64
		{51505E18-A0D1-C025-EF58-E6D65ACFEF46}.NPSearch|x86.ActiveCfg = Rsharp_app_release|Any CPU
		{51505E18-A0D1-C025-EF58-E6D65ACFEF46}.NPSearch|x86.Build.0 = Rsharp_app_release|Any CPU
		{51505E18-A0D1-C025-EF58-E6D65ACFEF46}.nuget_release|Any CPU.ActiveCfg = Rsharp_app_release|Any CPU
		{51505E18-A0D1-C025-EF58-E6D65ACFEF46}.nuget_release|Any CPU.Build.0 = Rsharp_app_release|Any CPU
		{51505E18-A0D1-C025-EF58-E6D65ACFEF46}.nuget_release|x64.ActiveCfg = Rsharp_app_release|x64
		{51505E18-A0D1-C025-EF58-E6D65ACFEF46}.nuget_release|x64.Build.0 = Rsharp_app_release|x64
		{51505E18-A0D1-C025-EF58-E6D65ACFEF46}.nuget_release|x86.ActiveCfg = Rsharp_app_release|Any CPU
		{51505E18-A0D1-C025-EF58-E6D65ACFEF46}.nuget_release|x86.Build.0 = Rsharp_app_release|Any CPU
		{51505E18-A0D1-C025-EF58-E6D65ACFEF46}.PlantMAT|Any CPU.ActiveCfg = PlantMAT|Any CPU
		{51505E18-A0D1-C025-EF58-E6D65ACFEF46}.PlantMAT|Any CPU.Build.0 = PlantMAT|Any CPU
		{51505E18-A0D1-C025-EF58-E6D65ACFEF46}.PlantMAT|x64.ActiveCfg = PlantMAT|x64
		{51505E18-A0D1-C025-EF58-E6D65ACFEF46}.PlantMAT|x64.Build.0 = PlantMAT|x64
		{51505E18-A0D1-C025-EF58-E6D65ACFEF46}.PlantMAT|x86.ActiveCfg = PlantMAT|Any CPU
		{51505E18-A0D1-C025-EF58-E6D65ACFEF46}.PlantMAT|x86.Build.0 = PlantMAT|Any CPU
		{51505E18-A0D1-C025-EF58-E6D65ACFEF46}.Release|Any CPU.ActiveCfg = Release|Any CPU
		{51505E18-A0D1-C025-EF58-E6D65ACFEF46}.Release|Any CPU.Build.0 = Release|Any CPU
		{51505E18-A0D1-C025-EF58-E6D65ACFEF46}.Release|x64.ActiveCfg = Release|x64
		{51505E18-A0D1-C025-EF58-E6D65ACFEF46}.Release|x64.Build.0 = Release|x64
		{51505E18-A0D1-C025-EF58-E6D65ACFEF46}.Release|x86.ActiveCfg = Release|Any CPU
		{51505E18-A0D1-C025-EF58-E6D65ACFEF46}.Release|x86.Build.0 = Release|Any CPU
		{51505E18-A0D1-C025-EF58-E6D65ACFEF46}.Rsharp_app_release|Any CPU.ActiveCfg = Rsharp_app_release|Any CPU
		{51505E18-A0D1-C025-EF58-E6D65ACFEF46}.Rsharp_app_release|Any CPU.Build.0 = Rsharp_app_release|Any CPU
		{51505E18-A0D1-C025-EF58-E6D65ACFEF46}.Rsharp_app_release|x64.ActiveCfg = Rsharp_app_release|x64
		{51505E18-A0D1-C025-EF58-E6D65ACFEF46}.Rsharp_app_release|x64.Build.0 = Rsharp_app_release|x64
		{51505E18-A0D1-C025-EF58-E6D65ACFEF46}.Rsharp_app_release|x86.ActiveCfg = Rsharp_app_release|Any CPU
		{51505E18-A0D1-C025-EF58-E6D65ACFEF46}.Rsharp_app_release|x86.Build.0 = Rsharp_app_release|Any CPU
		{87DCE96B-D4C8-4ED1-14A7-5A29B9F3D40C}.CFD_win32|Any CPU.ActiveCfg = Rsharp_app_release|Any CPU
		{87DCE96B-D4C8-4ED1-14A7-5A29B9F3D40C}.CFD_win32|Any CPU.Build.0 = Rsharp_app_release|Any CPU
		{87DCE96B-D4C8-4ED1-14A7-5A29B9F3D40C}.CFD_win32|x64.ActiveCfg = Rsharp_app_release|x64
		{87DCE96B-D4C8-4ED1-14A7-5A29B9F3D40C}.CFD_win32|x64.Build.0 = Rsharp_app_release|x64
		{87DCE96B-D4C8-4ED1-14A7-5A29B9F3D40C}.CFD_win32|x86.ActiveCfg = Rsharp_app_release|Any CPU
		{87DCE96B-D4C8-4ED1-14A7-5A29B9F3D40C}.CFD_win32|x86.Build.0 = Rsharp_app_release|Any CPU
		{87DCE96B-D4C8-4ED1-14A7-5A29B9F3D40C}.Debug|Any CPU.ActiveCfg = Debug|Any CPU
		{87DCE96B-D4C8-4ED1-14A7-5A29B9F3D40C}.Debug|Any CPU.Build.0 = Debug|Any CPU
		{87DCE96B-D4C8-4ED1-14A7-5A29B9F3D40C}.Debug|x64.ActiveCfg = Debug|x64
		{87DCE96B-D4C8-4ED1-14A7-5A29B9F3D40C}.Debug|x64.Build.0 = Debug|x64
		{87DCE96B-D4C8-4ED1-14A7-5A29B9F3D40C}.Debug|x86.ActiveCfg = Debug|Any CPU
		{87DCE96B-D4C8-4ED1-14A7-5A29B9F3D40C}.Debug|x86.Build.0 = Debug|Any CPU
		{87DCE96B-D4C8-4ED1-14A7-5A29B9F3D40C}.Desktop|Any CPU.ActiveCfg = Rsharp_app_release|Any CPU
		{87DCE96B-D4C8-4ED1-14A7-5A29B9F3D40C}.Desktop|Any CPU.Build.0 = Rsharp_app_release|Any CPU
		{87DCE96B-D4C8-4ED1-14A7-5A29B9F3D40C}.Desktop|x64.ActiveCfg = Rsharp_app_release|x64
		{87DCE96B-D4C8-4ED1-14A7-5A29B9F3D40C}.Desktop|x64.Build.0 = Rsharp_app_release|x64
		{87DCE96B-D4C8-4ED1-14A7-5A29B9F3D40C}.Desktop|x86.ActiveCfg = Rsharp_app_release|Any CPU
		{87DCE96B-D4C8-4ED1-14A7-5A29B9F3D40C}.Desktop|x86.Build.0 = Rsharp_app_release|Any CPU
		{87DCE96B-D4C8-4ED1-14A7-5A29B9F3D40C}.Docker|Any CPU.ActiveCfg = Release|Any CPU
		{87DCE96B-D4C8-4ED1-14A7-5A29B9F3D40C}.Docker|Any CPU.Build.0 = Release|Any CPU
		{87DCE96B-D4C8-4ED1-14A7-5A29B9F3D40C}.Docker|x64.ActiveCfg = Release|x64
		{87DCE96B-D4C8-4ED1-14A7-5A29B9F3D40C}.Docker|x64.Build.0 = Release|x64
		{87DCE96B-D4C8-4ED1-14A7-5A29B9F3D40C}.Docker|x86.ActiveCfg = Release|Any CPU
		{87DCE96B-D4C8-4ED1-14A7-5A29B9F3D40C}.Docker|x86.Build.0 = Release|Any CPU
		{87DCE96B-D4C8-4ED1-14A7-5A29B9F3D40C}.gcmodeller_desktop|Any CPU.ActiveCfg = mzkit_win32|Any CPU
		{87DCE96B-D4C8-4ED1-14A7-5A29B9F3D40C}.gcmodeller_desktop|Any CPU.Build.0 = mzkit_win32|Any CPU
		{87DCE96B-D4C8-4ED1-14A7-5A29B9F3D40C}.gcmodeller_desktop|x64.ActiveCfg = mzkit_win32|x64
		{87DCE96B-D4C8-4ED1-14A7-5A29B9F3D40C}.gcmodeller_desktop|x64.Build.0 = mzkit_win32|x64
		{87DCE96B-D4C8-4ED1-14A7-5A29B9F3D40C}.gcmodeller_desktop|x86.ActiveCfg = mzkit_win32|Any CPU
		{87DCE96B-D4C8-4ED1-14A7-5A29B9F3D40C}.gcmodeller_desktop|x86.Build.0 = mzkit_win32|Any CPU
		{87DCE96B-D4C8-4ED1-14A7-5A29B9F3D40C}.LipidSearch|Any CPU.ActiveCfg = LipidSearch|Any CPU
		{87DCE96B-D4C8-4ED1-14A7-5A29B9F3D40C}.LipidSearch|Any CPU.Build.0 = LipidSearch|Any CPU
		{87DCE96B-D4C8-4ED1-14A7-5A29B9F3D40C}.LipidSearch|x64.ActiveCfg = LipidSearch|x64
		{87DCE96B-D4C8-4ED1-14A7-5A29B9F3D40C}.LipidSearch|x64.Build.0 = LipidSearch|x64
		{87DCE96B-D4C8-4ED1-14A7-5A29B9F3D40C}.LipidSearch|x86.ActiveCfg = LipidSearch|Any CPU
		{87DCE96B-D4C8-4ED1-14A7-5A29B9F3D40C}.LipidSearch|x86.Build.0 = LipidSearch|Any CPU
		{87DCE96B-D4C8-4ED1-14A7-5A29B9F3D40C}.mzkit_win32|Any CPU.ActiveCfg = mzkit_win32|Any CPU
		{87DCE96B-D4C8-4ED1-14A7-5A29B9F3D40C}.mzkit_win32|Any CPU.Build.0 = mzkit_win32|Any CPU
		{87DCE96B-D4C8-4ED1-14A7-5A29B9F3D40C}.mzkit_win32|x64.ActiveCfg = mzkit_win32|x64
		{87DCE96B-D4C8-4ED1-14A7-5A29B9F3D40C}.mzkit_win32|x64.Build.0 = mzkit_win32|x64
		{87DCE96B-D4C8-4ED1-14A7-5A29B9F3D40C}.mzkit_win32|x86.ActiveCfg = mzkit_win32|Any CPU
		{87DCE96B-D4C8-4ED1-14A7-5A29B9F3D40C}.mzkit_win32|x86.Build.0 = mzkit_win32|Any CPU
		{87DCE96B-D4C8-4ED1-14A7-5A29B9F3D40C}.mzkit|Any CPU.ActiveCfg = Debug|Any CPU
		{87DCE96B-D4C8-4ED1-14A7-5A29B9F3D40C}.mzkit|Any CPU.Build.0 = Debug|Any CPU
		{87DCE96B-D4C8-4ED1-14A7-5A29B9F3D40C}.mzkit|x64.ActiveCfg = Debug|x64
		{87DCE96B-D4C8-4ED1-14A7-5A29B9F3D40C}.mzkit|x64.Build.0 = Debug|x64
		{87DCE96B-D4C8-4ED1-14A7-5A29B9F3D40C}.mzkit|x86.ActiveCfg = Debug|Any CPU
		{87DCE96B-D4C8-4ED1-14A7-5A29B9F3D40C}.mzkit|x86.Build.0 = Debug|Any CPU
		{87DCE96B-D4C8-4ED1-14A7-5A29B9F3D40C}.NPSearch|Any CPU.ActiveCfg = NPSearch|Any CPU
		{87DCE96B-D4C8-4ED1-14A7-5A29B9F3D40C}.NPSearch|Any CPU.Build.0 = NPSearch|Any CPU
		{87DCE96B-D4C8-4ED1-14A7-5A29B9F3D40C}.NPSearch|x64.ActiveCfg = NPSearch|x64
		{87DCE96B-D4C8-4ED1-14A7-5A29B9F3D40C}.NPSearch|x64.Build.0 = NPSearch|x64
		{87DCE96B-D4C8-4ED1-14A7-5A29B9F3D40C}.NPSearch|x86.ActiveCfg = NPSearch|Any CPU
		{87DCE96B-D4C8-4ED1-14A7-5A29B9F3D40C}.NPSearch|x86.Build.0 = NPSearch|Any CPU
		{87DCE96B-D4C8-4ED1-14A7-5A29B9F3D40C}.nuget_release|Any CPU.ActiveCfg = Rsharp_app_release|Any CPU
		{87DCE96B-D4C8-4ED1-14A7-5A29B9F3D40C}.nuget_release|Any CPU.Build.0 = Rsharp_app_release|Any CPU
		{87DCE96B-D4C8-4ED1-14A7-5A29B9F3D40C}.nuget_release|x64.ActiveCfg = Rsharp_app_release|x64
		{87DCE96B-D4C8-4ED1-14A7-5A29B9F3D40C}.nuget_release|x64.Build.0 = Rsharp_app_release|x64
		{87DCE96B-D4C8-4ED1-14A7-5A29B9F3D40C}.nuget_release|x86.ActiveCfg = Rsharp_app_release|Any CPU
		{87DCE96B-D4C8-4ED1-14A7-5A29B9F3D40C}.nuget_release|x86.Build.0 = Rsharp_app_release|Any CPU
		{87DCE96B-D4C8-4ED1-14A7-5A29B9F3D40C}.PlantMAT|Any CPU.ActiveCfg = PlantMAT|Any CPU
		{87DCE96B-D4C8-4ED1-14A7-5A29B9F3D40C}.PlantMAT|Any CPU.Build.0 = PlantMAT|Any CPU
		{87DCE96B-D4C8-4ED1-14A7-5A29B9F3D40C}.PlantMAT|x64.ActiveCfg = PlantMAT|x64
		{87DCE96B-D4C8-4ED1-14A7-5A29B9F3D40C}.PlantMAT|x64.Build.0 = PlantMAT|x64
		{87DCE96B-D4C8-4ED1-14A7-5A29B9F3D40C}.PlantMAT|x86.ActiveCfg = PlantMAT|Any CPU
		{87DCE96B-D4C8-4ED1-14A7-5A29B9F3D40C}.PlantMAT|x86.Build.0 = PlantMAT|Any CPU
		{87DCE96B-D4C8-4ED1-14A7-5A29B9F3D40C}.Release|Any CPU.ActiveCfg = Release|Any CPU
		{87DCE96B-D4C8-4ED1-14A7-5A29B9F3D40C}.Release|Any CPU.Build.0 = Release|Any CPU
		{87DCE96B-D4C8-4ED1-14A7-5A29B9F3D40C}.Release|x64.ActiveCfg = Release|x64
		{87DCE96B-D4C8-4ED1-14A7-5A29B9F3D40C}.Release|x64.Build.0 = Release|x64
		{87DCE96B-D4C8-4ED1-14A7-5A29B9F3D40C}.Release|x86.ActiveCfg = Release|Any CPU
		{87DCE96B-D4C8-4ED1-14A7-5A29B9F3D40C}.Release|x86.Build.0 = Release|Any CPU
		{87DCE96B-D4C8-4ED1-14A7-5A29B9F3D40C}.Rsharp_app_release|Any CPU.ActiveCfg = Rsharp_app_release|Any CPU
		{87DCE96B-D4C8-4ED1-14A7-5A29B9F3D40C}.Rsharp_app_release|Any CPU.Build.0 = Rsharp_app_release|Any CPU
		{87DCE96B-D4C8-4ED1-14A7-5A29B9F3D40C}.Rsharp_app_release|x64.ActiveCfg = Rsharp_app_release|x64
		{87DCE96B-D4C8-4ED1-14A7-5A29B9F3D40C}.Rsharp_app_release|x64.Build.0 = Rsharp_app_release|x64
		{87DCE96B-D4C8-4ED1-14A7-5A29B9F3D40C}.Rsharp_app_release|x86.ActiveCfg = Rsharp_app_release|Any CPU
		{87DCE96B-D4C8-4ED1-14A7-5A29B9F3D40C}.Rsharp_app_release|x86.Build.0 = Rsharp_app_release|Any CPU
		{5DABC780-D6D8-63AC-1C11-12B8D5B5CDC4}.CFD_win32|Any CPU.ActiveCfg = CFD_win32|Any CPU
		{5DABC780-D6D8-63AC-1C11-12B8D5B5CDC4}.CFD_win32|Any CPU.Build.0 = CFD_win32|Any CPU
		{5DABC780-D6D8-63AC-1C11-12B8D5B5CDC4}.CFD_win32|x64.ActiveCfg = CFD_win32|x64
		{5DABC780-D6D8-63AC-1C11-12B8D5B5CDC4}.CFD_win32|x64.Build.0 = CFD_win32|x64
		{5DABC780-D6D8-63AC-1C11-12B8D5B5CDC4}.CFD_win32|x86.ActiveCfg = CFD_win32|Any CPU
		{5DABC780-D6D8-63AC-1C11-12B8D5B5CDC4}.CFD_win32|x86.Build.0 = CFD_win32|Any CPU
		{5DABC780-D6D8-63AC-1C11-12B8D5B5CDC4}.Debug|Any CPU.ActiveCfg = Debug|Any CPU
		{5DABC780-D6D8-63AC-1C11-12B8D5B5CDC4}.Debug|Any CPU.Build.0 = Debug|Any CPU
		{5DABC780-D6D8-63AC-1C11-12B8D5B5CDC4}.Debug|x64.ActiveCfg = Debug|x64
		{5DABC780-D6D8-63AC-1C11-12B8D5B5CDC4}.Debug|x64.Build.0 = Debug|x64
		{5DABC780-D6D8-63AC-1C11-12B8D5B5CDC4}.Debug|x86.ActiveCfg = Debug|Any CPU
		{5DABC780-D6D8-63AC-1C11-12B8D5B5CDC4}.Debug|x86.Build.0 = Debug|Any CPU
		{5DABC780-D6D8-63AC-1C11-12B8D5B5CDC4}.Desktop|Any CPU.ActiveCfg = Desktop|Any CPU
		{5DABC780-D6D8-63AC-1C11-12B8D5B5CDC4}.Desktop|Any CPU.Build.0 = Desktop|Any CPU
		{5DABC780-D6D8-63AC-1C11-12B8D5B5CDC4}.Desktop|x64.ActiveCfg = Desktop|x64
		{5DABC780-D6D8-63AC-1C11-12B8D5B5CDC4}.Desktop|x64.Build.0 = Desktop|x64
		{5DABC780-D6D8-63AC-1C11-12B8D5B5CDC4}.Desktop|x86.ActiveCfg = Desktop|Any CPU
		{5DABC780-D6D8-63AC-1C11-12B8D5B5CDC4}.Desktop|x86.Build.0 = Desktop|Any CPU
		{5DABC780-D6D8-63AC-1C11-12B8D5B5CDC4}.Docker|Any CPU.ActiveCfg = Docker|Any CPU
		{5DABC780-D6D8-63AC-1C11-12B8D5B5CDC4}.Docker|Any CPU.Build.0 = Docker|Any CPU
		{5DABC780-D6D8-63AC-1C11-12B8D5B5CDC4}.Docker|x64.ActiveCfg = Docker|x64
		{5DABC780-D6D8-63AC-1C11-12B8D5B5CDC4}.Docker|x64.Build.0 = Docker|x64
		{5DABC780-D6D8-63AC-1C11-12B8D5B5CDC4}.Docker|x86.ActiveCfg = Docker|Any CPU
		{5DABC780-D6D8-63AC-1C11-12B8D5B5CDC4}.Docker|x86.Build.0 = Docker|Any CPU
		{5DABC780-D6D8-63AC-1C11-12B8D5B5CDC4}.gcmodeller_desktop|Any CPU.ActiveCfg = gcmodeller_desktop|Any CPU
		{5DABC780-D6D8-63AC-1C11-12B8D5B5CDC4}.gcmodeller_desktop|Any CPU.Build.0 = gcmodeller_desktop|Any CPU
		{5DABC780-D6D8-63AC-1C11-12B8D5B5CDC4}.gcmodeller_desktop|x64.ActiveCfg = gcmodeller_desktop|x64
		{5DABC780-D6D8-63AC-1C11-12B8D5B5CDC4}.gcmodeller_desktop|x64.Build.0 = gcmodeller_desktop|x64
		{5DABC780-D6D8-63AC-1C11-12B8D5B5CDC4}.gcmodeller_desktop|x86.ActiveCfg = gcmodeller_desktop|Any CPU
		{5DABC780-D6D8-63AC-1C11-12B8D5B5CDC4}.gcmodeller_desktop|x86.Build.0 = gcmodeller_desktop|Any CPU
		{5DABC780-D6D8-63AC-1C11-12B8D5B5CDC4}.LipidSearch|Any CPU.ActiveCfg = LipidSearch|Any CPU
		{5DABC780-D6D8-63AC-1C11-12B8D5B5CDC4}.LipidSearch|Any CPU.Build.0 = LipidSearch|Any CPU
		{5DABC780-D6D8-63AC-1C11-12B8D5B5CDC4}.LipidSearch|x64.ActiveCfg = LipidSearch|x64
		{5DABC780-D6D8-63AC-1C11-12B8D5B5CDC4}.LipidSearch|x64.Build.0 = LipidSearch|x64
		{5DABC780-D6D8-63AC-1C11-12B8D5B5CDC4}.LipidSearch|x86.ActiveCfg = LipidSearch|Any CPU
		{5DABC780-D6D8-63AC-1C11-12B8D5B5CDC4}.LipidSearch|x86.Build.0 = LipidSearch|Any CPU
		{5DABC780-D6D8-63AC-1C11-12B8D5B5CDC4}.mzkit_win32|Any CPU.ActiveCfg = mzkit_win32|Any CPU
		{5DABC780-D6D8-63AC-1C11-12B8D5B5CDC4}.mzkit_win32|Any CPU.Build.0 = mzkit_win32|Any CPU
		{5DABC780-D6D8-63AC-1C11-12B8D5B5CDC4}.mzkit_win32|x64.ActiveCfg = mzkit_win32|x64
		{5DABC780-D6D8-63AC-1C11-12B8D5B5CDC4}.mzkit_win32|x64.Build.0 = mzkit_win32|x64
		{5DABC780-D6D8-63AC-1C11-12B8D5B5CDC4}.mzkit_win32|x86.ActiveCfg = mzkit_win32|Any CPU
		{5DABC780-D6D8-63AC-1C11-12B8D5B5CDC4}.mzkit_win32|x86.Build.0 = mzkit_win32|Any CPU
		{5DABC780-D6D8-63AC-1C11-12B8D5B5CDC4}.mzkit|Any CPU.ActiveCfg = mzkit|Any CPU
		{5DABC780-D6D8-63AC-1C11-12B8D5B5CDC4}.mzkit|Any CPU.Build.0 = mzkit|Any CPU
		{5DABC780-D6D8-63AC-1C11-12B8D5B5CDC4}.mzkit|x64.ActiveCfg = mzkit|x64
		{5DABC780-D6D8-63AC-1C11-12B8D5B5CDC4}.mzkit|x64.Build.0 = mzkit|x64
		{5DABC780-D6D8-63AC-1C11-12B8D5B5CDC4}.mzkit|x86.ActiveCfg = mzkit|Any CPU
		{5DABC780-D6D8-63AC-1C11-12B8D5B5CDC4}.mzkit|x86.Build.0 = mzkit|Any CPU
		{5DABC780-D6D8-63AC-1C11-12B8D5B5CDC4}.NPSearch|Any CPU.ActiveCfg = NPSearch|Any CPU
		{5DABC780-D6D8-63AC-1C11-12B8D5B5CDC4}.NPSearch|Any CPU.Build.0 = NPSearch|Any CPU
		{5DABC780-D6D8-63AC-1C11-12B8D5B5CDC4}.NPSearch|x64.ActiveCfg = NPSearch|x64
		{5DABC780-D6D8-63AC-1C11-12B8D5B5CDC4}.NPSearch|x64.Build.0 = NPSearch|x64
		{5DABC780-D6D8-63AC-1C11-12B8D5B5CDC4}.NPSearch|x86.ActiveCfg = NPSearch|Any CPU
		{5DABC780-D6D8-63AC-1C11-12B8D5B5CDC4}.NPSearch|x86.Build.0 = NPSearch|Any CPU
		{5DABC780-D6D8-63AC-1C11-12B8D5B5CDC4}.nuget_release|Any CPU.ActiveCfg = nuget_release|Any CPU
		{5DABC780-D6D8-63AC-1C11-12B8D5B5CDC4}.nuget_release|Any CPU.Build.0 = nuget_release|Any CPU
		{5DABC780-D6D8-63AC-1C11-12B8D5B5CDC4}.nuget_release|x64.ActiveCfg = nuget_release|x64
		{5DABC780-D6D8-63AC-1C11-12B8D5B5CDC4}.nuget_release|x64.Build.0 = nuget_release|x64
		{5DABC780-D6D8-63AC-1C11-12B8D5B5CDC4}.nuget_release|x86.ActiveCfg = nuget_release|Any CPU
		{5DABC780-D6D8-63AC-1C11-12B8D5B5CDC4}.nuget_release|x86.Build.0 = nuget_release|Any CPU
		{5DABC780-D6D8-63AC-1C11-12B8D5B5CDC4}.PlantMAT|Any CPU.ActiveCfg = PlantMAT|Any CPU
		{5DABC780-D6D8-63AC-1C11-12B8D5B5CDC4}.PlantMAT|Any CPU.Build.0 = PlantMAT|Any CPU
		{5DABC780-D6D8-63AC-1C11-12B8D5B5CDC4}.PlantMAT|x64.ActiveCfg = PlantMAT|x64
		{5DABC780-D6D8-63AC-1C11-12B8D5B5CDC4}.PlantMAT|x64.Build.0 = PlantMAT|x64
		{5DABC780-D6D8-63AC-1C11-12B8D5B5CDC4}.PlantMAT|x86.ActiveCfg = PlantMAT|Any CPU
		{5DABC780-D6D8-63AC-1C11-12B8D5B5CDC4}.PlantMAT|x86.Build.0 = PlantMAT|Any CPU
		{5DABC780-D6D8-63AC-1C11-12B8D5B5CDC4}.Release|Any CPU.ActiveCfg = Release|Any CPU
		{5DABC780-D6D8-63AC-1C11-12B8D5B5CDC4}.Release|Any CPU.Build.0 = Release|Any CPU
		{5DABC780-D6D8-63AC-1C11-12B8D5B5CDC4}.Release|x64.ActiveCfg = Release|x64
		{5DABC780-D6D8-63AC-1C11-12B8D5B5CDC4}.Release|x64.Build.0 = Release|x64
		{5DABC780-D6D8-63AC-1C11-12B8D5B5CDC4}.Release|x86.ActiveCfg = Release|Any CPU
		{5DABC780-D6D8-63AC-1C11-12B8D5B5CDC4}.Release|x86.Build.0 = Release|Any CPU
		{5DABC780-D6D8-63AC-1C11-12B8D5B5CDC4}.Rsharp_app_release|Any CPU.ActiveCfg = Rsharp_app_release|Any CPU
		{5DABC780-D6D8-63AC-1C11-12B8D5B5CDC4}.Rsharp_app_release|Any CPU.Build.0 = Rsharp_app_release|Any CPU
		{5DABC780-D6D8-63AC-1C11-12B8D5B5CDC4}.Rsharp_app_release|x64.ActiveCfg = Rsharp_app_release|x64
		{5DABC780-D6D8-63AC-1C11-12B8D5B5CDC4}.Rsharp_app_release|x64.Build.0 = Rsharp_app_release|x64
		{5DABC780-D6D8-63AC-1C11-12B8D5B5CDC4}.Rsharp_app_release|x86.ActiveCfg = Rsharp_app_release|Any CPU
		{5DABC780-D6D8-63AC-1C11-12B8D5B5CDC4}.Rsharp_app_release|x86.Build.0 = Rsharp_app_release|Any CPU
		{11A41FEE-FF70-F900-EF2D-AD256E1BAC3A}.CFD_win32|Any CPU.ActiveCfg = CFD_win32|Any CPU
		{11A41FEE-FF70-F900-EF2D-AD256E1BAC3A}.CFD_win32|Any CPU.Build.0 = CFD_win32|Any CPU
		{11A41FEE-FF70-F900-EF2D-AD256E1BAC3A}.CFD_win32|x64.ActiveCfg = CFD_win32|x64
		{11A41FEE-FF70-F900-EF2D-AD256E1BAC3A}.CFD_win32|x64.Build.0 = CFD_win32|x64
		{11A41FEE-FF70-F900-EF2D-AD256E1BAC3A}.CFD_win32|x86.ActiveCfg = CFD_win32|Any CPU
		{11A41FEE-FF70-F900-EF2D-AD256E1BAC3A}.CFD_win32|x86.Build.0 = CFD_win32|Any CPU
		{11A41FEE-FF70-F900-EF2D-AD256E1BAC3A}.Debug|Any CPU.ActiveCfg = Debug|Any CPU
		{11A41FEE-FF70-F900-EF2D-AD256E1BAC3A}.Debug|Any CPU.Build.0 = Debug|Any CPU
		{11A41FEE-FF70-F900-EF2D-AD256E1BAC3A}.Debug|x64.ActiveCfg = Debug|x64
		{11A41FEE-FF70-F900-EF2D-AD256E1BAC3A}.Debug|x64.Build.0 = Debug|x64
		{11A41FEE-FF70-F900-EF2D-AD256E1BAC3A}.Debug|x86.ActiveCfg = Debug|Any CPU
		{11A41FEE-FF70-F900-EF2D-AD256E1BAC3A}.Debug|x86.Build.0 = Debug|Any CPU
		{11A41FEE-FF70-F900-EF2D-AD256E1BAC3A}.Desktop|Any CPU.ActiveCfg = Desktop|Any CPU
		{11A41FEE-FF70-F900-EF2D-AD256E1BAC3A}.Desktop|Any CPU.Build.0 = Desktop|Any CPU
		{11A41FEE-FF70-F900-EF2D-AD256E1BAC3A}.Desktop|x64.ActiveCfg = Desktop|x64
		{11A41FEE-FF70-F900-EF2D-AD256E1BAC3A}.Desktop|x64.Build.0 = Desktop|x64
		{11A41FEE-FF70-F900-EF2D-AD256E1BAC3A}.Desktop|x86.ActiveCfg = Desktop|Any CPU
		{11A41FEE-FF70-F900-EF2D-AD256E1BAC3A}.Desktop|x86.Build.0 = Desktop|Any CPU
		{11A41FEE-FF70-F900-EF2D-AD256E1BAC3A}.Docker|Any CPU.ActiveCfg = Docker|Any CPU
		{11A41FEE-FF70-F900-EF2D-AD256E1BAC3A}.Docker|Any CPU.Build.0 = Docker|Any CPU
		{11A41FEE-FF70-F900-EF2D-AD256E1BAC3A}.Docker|x64.ActiveCfg = Docker|x64
		{11A41FEE-FF70-F900-EF2D-AD256E1BAC3A}.Docker|x64.Build.0 = Docker|x64
		{11A41FEE-FF70-F900-EF2D-AD256E1BAC3A}.Docker|x86.ActiveCfg = Docker|Any CPU
		{11A41FEE-FF70-F900-EF2D-AD256E1BAC3A}.Docker|x86.Build.0 = Docker|Any CPU
		{11A41FEE-FF70-F900-EF2D-AD256E1BAC3A}.gcmodeller_desktop|Any CPU.ActiveCfg = gcmodeller_desktop|Any CPU
		{11A41FEE-FF70-F900-EF2D-AD256E1BAC3A}.gcmodeller_desktop|Any CPU.Build.0 = gcmodeller_desktop|Any CPU
		{11A41FEE-FF70-F900-EF2D-AD256E1BAC3A}.gcmodeller_desktop|x64.ActiveCfg = gcmodeller_desktop|x64
		{11A41FEE-FF70-F900-EF2D-AD256E1BAC3A}.gcmodeller_desktop|x64.Build.0 = gcmodeller_desktop|x64
		{11A41FEE-FF70-F900-EF2D-AD256E1BAC3A}.gcmodeller_desktop|x86.ActiveCfg = gcmodeller_desktop|Any CPU
		{11A41FEE-FF70-F900-EF2D-AD256E1BAC3A}.gcmodeller_desktop|x86.Build.0 = gcmodeller_desktop|Any CPU
		{11A41FEE-FF70-F900-EF2D-AD256E1BAC3A}.LipidSearch|Any CPU.ActiveCfg = LipidSearch|Any CPU
		{11A41FEE-FF70-F900-EF2D-AD256E1BAC3A}.LipidSearch|Any CPU.Build.0 = LipidSearch|Any CPU
		{11A41FEE-FF70-F900-EF2D-AD256E1BAC3A}.LipidSearch|x64.ActiveCfg = LipidSearch|x64
		{11A41FEE-FF70-F900-EF2D-AD256E1BAC3A}.LipidSearch|x64.Build.0 = LipidSearch|x64
		{11A41FEE-FF70-F900-EF2D-AD256E1BAC3A}.LipidSearch|x86.ActiveCfg = LipidSearch|Any CPU
		{11A41FEE-FF70-F900-EF2D-AD256E1BAC3A}.LipidSearch|x86.Build.0 = LipidSearch|Any CPU
		{11A41FEE-FF70-F900-EF2D-AD256E1BAC3A}.mzkit_win32|Any CPU.ActiveCfg = mzkit_win32|Any CPU
		{11A41FEE-FF70-F900-EF2D-AD256E1BAC3A}.mzkit_win32|Any CPU.Build.0 = mzkit_win32|Any CPU
		{11A41FEE-FF70-F900-EF2D-AD256E1BAC3A}.mzkit_win32|x64.ActiveCfg = mzkit_win32|x64
		{11A41FEE-FF70-F900-EF2D-AD256E1BAC3A}.mzkit_win32|x64.Build.0 = mzkit_win32|x64
		{11A41FEE-FF70-F900-EF2D-AD256E1BAC3A}.mzkit_win32|x86.ActiveCfg = mzkit_win32|Any CPU
		{11A41FEE-FF70-F900-EF2D-AD256E1BAC3A}.mzkit_win32|x86.Build.0 = mzkit_win32|Any CPU
		{11A41FEE-FF70-F900-EF2D-AD256E1BAC3A}.mzkit|Any CPU.ActiveCfg = mzkit|Any CPU
		{11A41FEE-FF70-F900-EF2D-AD256E1BAC3A}.mzkit|Any CPU.Build.0 = mzkit|Any CPU
		{11A41FEE-FF70-F900-EF2D-AD256E1BAC3A}.mzkit|x64.ActiveCfg = mzkit|x64
		{11A41FEE-FF70-F900-EF2D-AD256E1BAC3A}.mzkit|x64.Build.0 = mzkit|x64
		{11A41FEE-FF70-F900-EF2D-AD256E1BAC3A}.mzkit|x86.ActiveCfg = mzkit|Any CPU
		{11A41FEE-FF70-F900-EF2D-AD256E1BAC3A}.mzkit|x86.Build.0 = mzkit|Any CPU
		{11A41FEE-FF70-F900-EF2D-AD256E1BAC3A}.NPSearch|Any CPU.ActiveCfg = NPSearch|Any CPU
		{11A41FEE-FF70-F900-EF2D-AD256E1BAC3A}.NPSearch|Any CPU.Build.0 = NPSearch|Any CPU
		{11A41FEE-FF70-F900-EF2D-AD256E1BAC3A}.NPSearch|x64.ActiveCfg = NPSearch|x64
		{11A41FEE-FF70-F900-EF2D-AD256E1BAC3A}.NPSearch|x64.Build.0 = NPSearch|x64
		{11A41FEE-FF70-F900-EF2D-AD256E1BAC3A}.NPSearch|x86.ActiveCfg = NPSearch|Any CPU
		{11A41FEE-FF70-F900-EF2D-AD256E1BAC3A}.NPSearch|x86.Build.0 = NPSearch|Any CPU
		{11A41FEE-FF70-F900-EF2D-AD256E1BAC3A}.nuget_release|Any CPU.ActiveCfg = nuget_release|Any CPU
		{11A41FEE-FF70-F900-EF2D-AD256E1BAC3A}.nuget_release|Any CPU.Build.0 = nuget_release|Any CPU
		{11A41FEE-FF70-F900-EF2D-AD256E1BAC3A}.nuget_release|x64.ActiveCfg = nuget_release|x64
		{11A41FEE-FF70-F900-EF2D-AD256E1BAC3A}.nuget_release|x64.Build.0 = nuget_release|x64
		{11A41FEE-FF70-F900-EF2D-AD256E1BAC3A}.nuget_release|x86.ActiveCfg = nuget_release|Any CPU
		{11A41FEE-FF70-F900-EF2D-AD256E1BAC3A}.nuget_release|x86.Build.0 = nuget_release|Any CPU
		{11A41FEE-FF70-F900-EF2D-AD256E1BAC3A}.PlantMAT|Any CPU.ActiveCfg = PlantMAT|Any CPU
		{11A41FEE-FF70-F900-EF2D-AD256E1BAC3A}.PlantMAT|Any CPU.Build.0 = PlantMAT|Any CPU
		{11A41FEE-FF70-F900-EF2D-AD256E1BAC3A}.PlantMAT|x64.ActiveCfg = PlantMAT|x64
		{11A41FEE-FF70-F900-EF2D-AD256E1BAC3A}.PlantMAT|x64.Build.0 = PlantMAT|x64
		{11A41FEE-FF70-F900-EF2D-AD256E1BAC3A}.PlantMAT|x86.ActiveCfg = PlantMAT|Any CPU
		{11A41FEE-FF70-F900-EF2D-AD256E1BAC3A}.PlantMAT|x86.Build.0 = PlantMAT|Any CPU
		{11A41FEE-FF70-F900-EF2D-AD256E1BAC3A}.Release|Any CPU.ActiveCfg = Release|Any CPU
		{11A41FEE-FF70-F900-EF2D-AD256E1BAC3A}.Release|Any CPU.Build.0 = Release|Any CPU
		{11A41FEE-FF70-F900-EF2D-AD256E1BAC3A}.Release|x64.ActiveCfg = Release|x64
		{11A41FEE-FF70-F900-EF2D-AD256E1BAC3A}.Release|x64.Build.0 = Release|x64
		{11A41FEE-FF70-F900-EF2D-AD256E1BAC3A}.Release|x86.ActiveCfg = Release|Any CPU
		{11A41FEE-FF70-F900-EF2D-AD256E1BAC3A}.Release|x86.Build.0 = Release|Any CPU
		{11A41FEE-FF70-F900-EF2D-AD256E1BAC3A}.Rsharp_app_release|Any CPU.ActiveCfg = Rsharp_app_release|Any CPU
		{11A41FEE-FF70-F900-EF2D-AD256E1BAC3A}.Rsharp_app_release|Any CPU.Build.0 = Rsharp_app_release|Any CPU
		{11A41FEE-FF70-F900-EF2D-AD256E1BAC3A}.Rsharp_app_release|x64.ActiveCfg = Rsharp_app_release|x64
		{11A41FEE-FF70-F900-EF2D-AD256E1BAC3A}.Rsharp_app_release|x64.Build.0 = Rsharp_app_release|x64
		{11A41FEE-FF70-F900-EF2D-AD256E1BAC3A}.Rsharp_app_release|x86.ActiveCfg = Rsharp_app_release|Any CPU
		{11A41FEE-FF70-F900-EF2D-AD256E1BAC3A}.Rsharp_app_release|x86.Build.0 = Rsharp_app_release|Any CPU
		{BE4A2EA0-C600-FCE9-D542-79B9A0D68583}.CFD_win32|Any CPU.ActiveCfg = Rsharp_app_release|Any CPU
		{BE4A2EA0-C600-FCE9-D542-79B9A0D68583}.CFD_win32|Any CPU.Build.0 = Rsharp_app_release|Any CPU
		{BE4A2EA0-C600-FCE9-D542-79B9A0D68583}.CFD_win32|x64.ActiveCfg = Rsharp_app_release|x64
		{BE4A2EA0-C600-FCE9-D542-79B9A0D68583}.CFD_win32|x64.Build.0 = Rsharp_app_release|x64
		{BE4A2EA0-C600-FCE9-D542-79B9A0D68583}.CFD_win32|x86.ActiveCfg = Rsharp_app_release|Any CPU
		{BE4A2EA0-C600-FCE9-D542-79B9A0D68583}.CFD_win32|x86.Build.0 = Rsharp_app_release|Any CPU
		{BE4A2EA0-C600-FCE9-D542-79B9A0D68583}.Debug|Any CPU.ActiveCfg = Debug|Any CPU
		{BE4A2EA0-C600-FCE9-D542-79B9A0D68583}.Debug|Any CPU.Build.0 = Debug|Any CPU
		{BE4A2EA0-C600-FCE9-D542-79B9A0D68583}.Debug|x64.ActiveCfg = Debug|x64
		{BE4A2EA0-C600-FCE9-D542-79B9A0D68583}.Debug|x64.Build.0 = Debug|x64
		{BE4A2EA0-C600-FCE9-D542-79B9A0D68583}.Debug|x86.ActiveCfg = Debug|Any CPU
		{BE4A2EA0-C600-FCE9-D542-79B9A0D68583}.Debug|x86.Build.0 = Debug|Any CPU
		{BE4A2EA0-C600-FCE9-D542-79B9A0D68583}.Desktop|Any CPU.ActiveCfg = Desktop|Any CPU
		{BE4A2EA0-C600-FCE9-D542-79B9A0D68583}.Desktop|Any CPU.Build.0 = Desktop|Any CPU
		{BE4A2EA0-C600-FCE9-D542-79B9A0D68583}.Desktop|x64.ActiveCfg = Desktop|x64
		{BE4A2EA0-C600-FCE9-D542-79B9A0D68583}.Desktop|x64.Build.0 = Desktop|x64
		{BE4A2EA0-C600-FCE9-D542-79B9A0D68583}.Desktop|x86.ActiveCfg = Desktop|Any CPU
		{BE4A2EA0-C600-FCE9-D542-79B9A0D68583}.Desktop|x86.Build.0 = Desktop|Any CPU
		{BE4A2EA0-C600-FCE9-D542-79B9A0D68583}.Docker|Any CPU.ActiveCfg = Docker|Any CPU
		{BE4A2EA0-C600-FCE9-D542-79B9A0D68583}.Docker|Any CPU.Build.0 = Docker|Any CPU
		{BE4A2EA0-C600-FCE9-D542-79B9A0D68583}.Docker|x64.ActiveCfg = Docker|x64
		{BE4A2EA0-C600-FCE9-D542-79B9A0D68583}.Docker|x64.Build.0 = Docker|x64
		{BE4A2EA0-C600-FCE9-D542-79B9A0D68583}.Docker|x86.ActiveCfg = Docker|Any CPU
		{BE4A2EA0-C600-FCE9-D542-79B9A0D68583}.Docker|x86.Build.0 = Docker|Any CPU
		{BE4A2EA0-C600-FCE9-D542-79B9A0D68583}.gcmodeller_desktop|Any CPU.ActiveCfg = gcmodeller_desktop|Any CPU
		{BE4A2EA0-C600-FCE9-D542-79B9A0D68583}.gcmodeller_desktop|Any CPU.Build.0 = gcmodeller_desktop|Any CPU
		{BE4A2EA0-C600-FCE9-D542-79B9A0D68583}.gcmodeller_desktop|x64.ActiveCfg = gcmodeller_desktop|x64
		{BE4A2EA0-C600-FCE9-D542-79B9A0D68583}.gcmodeller_desktop|x64.Build.0 = gcmodeller_desktop|x64
		{BE4A2EA0-C600-FCE9-D542-79B9A0D68583}.gcmodeller_desktop|x86.ActiveCfg = gcmodeller_desktop|Any CPU
		{BE4A2EA0-C600-FCE9-D542-79B9A0D68583}.gcmodeller_desktop|x86.Build.0 = gcmodeller_desktop|Any CPU
		{BE4A2EA0-C600-FCE9-D542-79B9A0D68583}.LipidSearch|Any CPU.ActiveCfg = LipidSearch|Any CPU
		{BE4A2EA0-C600-FCE9-D542-79B9A0D68583}.LipidSearch|Any CPU.Build.0 = LipidSearch|Any CPU
		{BE4A2EA0-C600-FCE9-D542-79B9A0D68583}.LipidSearch|x64.ActiveCfg = LipidSearch|x64
		{BE4A2EA0-C600-FCE9-D542-79B9A0D68583}.LipidSearch|x64.Build.0 = LipidSearch|x64
		{BE4A2EA0-C600-FCE9-D542-79B9A0D68583}.LipidSearch|x86.ActiveCfg = LipidSearch|Any CPU
		{BE4A2EA0-C600-FCE9-D542-79B9A0D68583}.LipidSearch|x86.Build.0 = LipidSearch|Any CPU
		{BE4A2EA0-C600-FCE9-D542-79B9A0D68583}.mzkit_win32|Any CPU.ActiveCfg = mzkit_win32|Any CPU
		{BE4A2EA0-C600-FCE9-D542-79B9A0D68583}.mzkit_win32|Any CPU.Build.0 = mzkit_win32|Any CPU
		{BE4A2EA0-C600-FCE9-D542-79B9A0D68583}.mzkit_win32|x64.ActiveCfg = mzkit_win32|x64
		{BE4A2EA0-C600-FCE9-D542-79B9A0D68583}.mzkit_win32|x64.Build.0 = mzkit_win32|x64
		{BE4A2EA0-C600-FCE9-D542-79B9A0D68583}.mzkit_win32|x86.ActiveCfg = mzkit_win32|Any CPU
		{BE4A2EA0-C600-FCE9-D542-79B9A0D68583}.mzkit_win32|x86.Build.0 = mzkit_win32|Any CPU
		{BE4A2EA0-C600-FCE9-D542-79B9A0D68583}.mzkit|Any CPU.ActiveCfg = Debug|Any CPU
		{BE4A2EA0-C600-FCE9-D542-79B9A0D68583}.mzkit|Any CPU.Build.0 = Debug|Any CPU
		{BE4A2EA0-C600-FCE9-D542-79B9A0D68583}.mzkit|x64.ActiveCfg = Debug|x64
		{BE4A2EA0-C600-FCE9-D542-79B9A0D68583}.mzkit|x64.Build.0 = Debug|x64
		{BE4A2EA0-C600-FCE9-D542-79B9A0D68583}.mzkit|x86.ActiveCfg = Debug|Any CPU
		{BE4A2EA0-C600-FCE9-D542-79B9A0D68583}.mzkit|x86.Build.0 = Debug|Any CPU
		{BE4A2EA0-C600-FCE9-D542-79B9A0D68583}.NPSearch|Any CPU.ActiveCfg = NPSearch|Any CPU
		{BE4A2EA0-C600-FCE9-D542-79B9A0D68583}.NPSearch|Any CPU.Build.0 = NPSearch|Any CPU
		{BE4A2EA0-C600-FCE9-D542-79B9A0D68583}.NPSearch|x64.ActiveCfg = NPSearch|x64
		{BE4A2EA0-C600-FCE9-D542-79B9A0D68583}.NPSearch|x64.Build.0 = NPSearch|x64
		{BE4A2EA0-C600-FCE9-D542-79B9A0D68583}.NPSearch|x86.ActiveCfg = NPSearch|Any CPU
		{BE4A2EA0-C600-FCE9-D542-79B9A0D68583}.NPSearch|x86.Build.0 = NPSearch|Any CPU
		{BE4A2EA0-C600-FCE9-D542-79B9A0D68583}.nuget_release|Any CPU.ActiveCfg = nuget_release|Any CPU
		{BE4A2EA0-C600-FCE9-D542-79B9A0D68583}.nuget_release|Any CPU.Build.0 = nuget_release|Any CPU
		{BE4A2EA0-C600-FCE9-D542-79B9A0D68583}.nuget_release|x64.ActiveCfg = nuget_release|x64
		{BE4A2EA0-C600-FCE9-D542-79B9A0D68583}.nuget_release|x64.Build.0 = nuget_release|x64
		{BE4A2EA0-C600-FCE9-D542-79B9A0D68583}.nuget_release|x86.ActiveCfg = nuget_release|Any CPU
		{BE4A2EA0-C600-FCE9-D542-79B9A0D68583}.nuget_release|x86.Build.0 = nuget_release|Any CPU
		{BE4A2EA0-C600-FCE9-D542-79B9A0D68583}.PlantMAT|Any CPU.ActiveCfg = PlantMAT|Any CPU
		{BE4A2EA0-C600-FCE9-D542-79B9A0D68583}.PlantMAT|Any CPU.Build.0 = PlantMAT|Any CPU
		{BE4A2EA0-C600-FCE9-D542-79B9A0D68583}.PlantMAT|x64.ActiveCfg = PlantMAT|x64
		{BE4A2EA0-C600-FCE9-D542-79B9A0D68583}.PlantMAT|x64.Build.0 = PlantMAT|x64
		{BE4A2EA0-C600-FCE9-D542-79B9A0D68583}.PlantMAT|x86.ActiveCfg = PlantMAT|Any CPU
		{BE4A2EA0-C600-FCE9-D542-79B9A0D68583}.PlantMAT|x86.Build.0 = PlantMAT|Any CPU
		{BE4A2EA0-C600-FCE9-D542-79B9A0D68583}.Release|Any CPU.ActiveCfg = Release|Any CPU
		{BE4A2EA0-C600-FCE9-D542-79B9A0D68583}.Release|Any CPU.Build.0 = Release|Any CPU
		{BE4A2EA0-C600-FCE9-D542-79B9A0D68583}.Release|x64.ActiveCfg = Release|x64
		{BE4A2EA0-C600-FCE9-D542-79B9A0D68583}.Release|x64.Build.0 = Release|x64
		{BE4A2EA0-C600-FCE9-D542-79B9A0D68583}.Release|x86.ActiveCfg = Release|Any CPU
		{BE4A2EA0-C600-FCE9-D542-79B9A0D68583}.Release|x86.Build.0 = Release|Any CPU
		{BE4A2EA0-C600-FCE9-D542-79B9A0D68583}.Rsharp_app_release|Any CPU.ActiveCfg = Rsharp_app_release|Any CPU
		{BE4A2EA0-C600-FCE9-D542-79B9A0D68583}.Rsharp_app_release|Any CPU.Build.0 = Rsharp_app_release|Any CPU
		{BE4A2EA0-C600-FCE9-D542-79B9A0D68583}.Rsharp_app_release|x64.ActiveCfg = Rsharp_app_release|x64
		{BE4A2EA0-C600-FCE9-D542-79B9A0D68583}.Rsharp_app_release|x64.Build.0 = Rsharp_app_release|x64
		{BE4A2EA0-C600-FCE9-D542-79B9A0D68583}.Rsharp_app_release|x86.ActiveCfg = Rsharp_app_release|Any CPU
		{BE4A2EA0-C600-FCE9-D542-79B9A0D68583}.Rsharp_app_release|x86.Build.0 = Rsharp_app_release|Any CPU
		{0B4E91CC-77FC-C3C7-55E3-7CC4B4C0A748}.CFD_win32|Any CPU.ActiveCfg = Release|Any CPU
		{0B4E91CC-77FC-C3C7-55E3-7CC4B4C0A748}.CFD_win32|Any CPU.Build.0 = Release|Any CPU
		{0B4E91CC-77FC-C3C7-55E3-7CC4B4C0A748}.CFD_win32|x64.ActiveCfg = Release|Any CPU
		{0B4E91CC-77FC-C3C7-55E3-7CC4B4C0A748}.CFD_win32|x64.Build.0 = Release|Any CPU
		{0B4E91CC-77FC-C3C7-55E3-7CC4B4C0A748}.CFD_win32|x86.ActiveCfg = Release|Any CPU
		{0B4E91CC-77FC-C3C7-55E3-7CC4B4C0A748}.CFD_win32|x86.Build.0 = Release|Any CPU
		{0B4E91CC-77FC-C3C7-55E3-7CC4B4C0A748}.Debug|Any CPU.ActiveCfg = Debug|Any CPU
		{0B4E91CC-77FC-C3C7-55E3-7CC4B4C0A748}.Debug|Any CPU.Build.0 = Debug|Any CPU
		{0B4E91CC-77FC-C3C7-55E3-7CC4B4C0A748}.Debug|x64.ActiveCfg = Debug|Any CPU
		{0B4E91CC-77FC-C3C7-55E3-7CC4B4C0A748}.Debug|x64.Build.0 = Debug|Any CPU
		{0B4E91CC-77FC-C3C7-55E3-7CC4B4C0A748}.Debug|x86.ActiveCfg = Debug|Any CPU
		{0B4E91CC-77FC-C3C7-55E3-7CC4B4C0A748}.Debug|x86.Build.0 = Debug|Any CPU
		{0B4E91CC-77FC-C3C7-55E3-7CC4B4C0A748}.Desktop|Any CPU.ActiveCfg = Release|Any CPU
		{0B4E91CC-77FC-C3C7-55E3-7CC4B4C0A748}.Desktop|Any CPU.Build.0 = Release|Any CPU
		{0B4E91CC-77FC-C3C7-55E3-7CC4B4C0A748}.Desktop|x64.ActiveCfg = Release|Any CPU
		{0B4E91CC-77FC-C3C7-55E3-7CC4B4C0A748}.Desktop|x64.Build.0 = Release|Any CPU
		{0B4E91CC-77FC-C3C7-55E3-7CC4B4C0A748}.Desktop|x86.ActiveCfg = Release|Any CPU
		{0B4E91CC-77FC-C3C7-55E3-7CC4B4C0A748}.Desktop|x86.Build.0 = Release|Any CPU
		{0B4E91CC-77FC-C3C7-55E3-7CC4B4C0A748}.Docker|Any CPU.ActiveCfg = Release|Any CPU
		{0B4E91CC-77FC-C3C7-55E3-7CC4B4C0A748}.Docker|Any CPU.Build.0 = Release|Any CPU
		{0B4E91CC-77FC-C3C7-55E3-7CC4B4C0A748}.Docker|x64.ActiveCfg = Release|Any CPU
		{0B4E91CC-77FC-C3C7-55E3-7CC4B4C0A748}.Docker|x64.Build.0 = Release|Any CPU
		{0B4E91CC-77FC-C3C7-55E3-7CC4B4C0A748}.Docker|x86.ActiveCfg = Release|Any CPU
		{0B4E91CC-77FC-C3C7-55E3-7CC4B4C0A748}.Docker|x86.Build.0 = Release|Any CPU
		{0B4E91CC-77FC-C3C7-55E3-7CC4B4C0A748}.gcmodeller_desktop|Any CPU.ActiveCfg = Release|Any CPU
		{0B4E91CC-77FC-C3C7-55E3-7CC4B4C0A748}.gcmodeller_desktop|Any CPU.Build.0 = Release|Any CPU
		{0B4E91CC-77FC-C3C7-55E3-7CC4B4C0A748}.gcmodeller_desktop|x64.ActiveCfg = Release|Any CPU
		{0B4E91CC-77FC-C3C7-55E3-7CC4B4C0A748}.gcmodeller_desktop|x64.Build.0 = Release|Any CPU
		{0B4E91CC-77FC-C3C7-55E3-7CC4B4C0A748}.gcmodeller_desktop|x86.ActiveCfg = Release|Any CPU
		{0B4E91CC-77FC-C3C7-55E3-7CC4B4C0A748}.gcmodeller_desktop|x86.Build.0 = Release|Any CPU
		{0B4E91CC-77FC-C3C7-55E3-7CC4B4C0A748}.LipidSearch|Any CPU.ActiveCfg = Debug|Any CPU
		{0B4E91CC-77FC-C3C7-55E3-7CC4B4C0A748}.LipidSearch|Any CPU.Build.0 = Debug|Any CPU
		{0B4E91CC-77FC-C3C7-55E3-7CC4B4C0A748}.LipidSearch|x64.ActiveCfg = Debug|Any CPU
		{0B4E91CC-77FC-C3C7-55E3-7CC4B4C0A748}.LipidSearch|x64.Build.0 = Debug|Any CPU
		{0B4E91CC-77FC-C3C7-55E3-7CC4B4C0A748}.LipidSearch|x86.ActiveCfg = Debug|Any CPU
		{0B4E91CC-77FC-C3C7-55E3-7CC4B4C0A748}.LipidSearch|x86.Build.0 = Debug|Any CPU
		{0B4E91CC-77FC-C3C7-55E3-7CC4B4C0A748}.mzkit_win32|Any CPU.ActiveCfg = Release|Any CPU
		{0B4E91CC-77FC-C3C7-55E3-7CC4B4C0A748}.mzkit_win32|Any CPU.Build.0 = Release|Any CPU
		{0B4E91CC-77FC-C3C7-55E3-7CC4B4C0A748}.mzkit_win32|x64.ActiveCfg = Release|Any CPU
		{0B4E91CC-77FC-C3C7-55E3-7CC4B4C0A748}.mzkit_win32|x64.Build.0 = Release|Any CPU
		{0B4E91CC-77FC-C3C7-55E3-7CC4B4C0A748}.mzkit_win32|x86.ActiveCfg = Release|Any CPU
		{0B4E91CC-77FC-C3C7-55E3-7CC4B4C0A748}.mzkit_win32|x86.Build.0 = Release|Any CPU
		{0B4E91CC-77FC-C3C7-55E3-7CC4B4C0A748}.mzkit|Any CPU.ActiveCfg = Debug|Any CPU
		{0B4E91CC-77FC-C3C7-55E3-7CC4B4C0A748}.mzkit|Any CPU.Build.0 = Debug|Any CPU
		{0B4E91CC-77FC-C3C7-55E3-7CC4B4C0A748}.mzkit|x64.ActiveCfg = Debug|Any CPU
		{0B4E91CC-77FC-C3C7-55E3-7CC4B4C0A748}.mzkit|x64.Build.0 = Debug|Any CPU
		{0B4E91CC-77FC-C3C7-55E3-7CC4B4C0A748}.mzkit|x86.ActiveCfg = Debug|Any CPU
		{0B4E91CC-77FC-C3C7-55E3-7CC4B4C0A748}.mzkit|x86.Build.0 = Debug|Any CPU
		{0B4E91CC-77FC-C3C7-55E3-7CC4B4C0A748}.NPSearch|Any CPU.ActiveCfg = Debug|Any CPU
		{0B4E91CC-77FC-C3C7-55E3-7CC4B4C0A748}.NPSearch|Any CPU.Build.0 = Debug|Any CPU
		{0B4E91CC-77FC-C3C7-55E3-7CC4B4C0A748}.NPSearch|x64.ActiveCfg = Debug|Any CPU
		{0B4E91CC-77FC-C3C7-55E3-7CC4B4C0A748}.NPSearch|x64.Build.0 = Debug|Any CPU
		{0B4E91CC-77FC-C3C7-55E3-7CC4B4C0A748}.NPSearch|x86.ActiveCfg = Debug|Any CPU
		{0B4E91CC-77FC-C3C7-55E3-7CC4B4C0A748}.NPSearch|x86.Build.0 = Debug|Any CPU
		{0B4E91CC-77FC-C3C7-55E3-7CC4B4C0A748}.nuget_release|Any CPU.ActiveCfg = Release|Any CPU
		{0B4E91CC-77FC-C3C7-55E3-7CC4B4C0A748}.nuget_release|Any CPU.Build.0 = Release|Any CPU
		{0B4E91CC-77FC-C3C7-55E3-7CC4B4C0A748}.nuget_release|x64.ActiveCfg = Release|Any CPU
		{0B4E91CC-77FC-C3C7-55E3-7CC4B4C0A748}.nuget_release|x64.Build.0 = Release|Any CPU
		{0B4E91CC-77FC-C3C7-55E3-7CC4B4C0A748}.nuget_release|x86.ActiveCfg = Release|Any CPU
		{0B4E91CC-77FC-C3C7-55E3-7CC4B4C0A748}.nuget_release|x86.Build.0 = Release|Any CPU
		{0B4E91CC-77FC-C3C7-55E3-7CC4B4C0A748}.PlantMAT|Any CPU.ActiveCfg = Release|Any CPU
		{0B4E91CC-77FC-C3C7-55E3-7CC4B4C0A748}.PlantMAT|Any CPU.Build.0 = Release|Any CPU
		{0B4E91CC-77FC-C3C7-55E3-7CC4B4C0A748}.PlantMAT|x64.ActiveCfg = Release|Any CPU
		{0B4E91CC-77FC-C3C7-55E3-7CC4B4C0A748}.PlantMAT|x64.Build.0 = Release|Any CPU
		{0B4E91CC-77FC-C3C7-55E3-7CC4B4C0A748}.PlantMAT|x86.ActiveCfg = Release|Any CPU
		{0B4E91CC-77FC-C3C7-55E3-7CC4B4C0A748}.PlantMAT|x86.Build.0 = Release|Any CPU
		{0B4E91CC-77FC-C3C7-55E3-7CC4B4C0A748}.Release|Any CPU.ActiveCfg = Release|Any CPU
		{0B4E91CC-77FC-C3C7-55E3-7CC4B4C0A748}.Release|Any CPU.Build.0 = Release|Any CPU
		{0B4E91CC-77FC-C3C7-55E3-7CC4B4C0A748}.Release|x64.ActiveCfg = Release|Any CPU
		{0B4E91CC-77FC-C3C7-55E3-7CC4B4C0A748}.Release|x64.Build.0 = Release|Any CPU
		{0B4E91CC-77FC-C3C7-55E3-7CC4B4C0A748}.Release|x86.ActiveCfg = Release|Any CPU
		{0B4E91CC-77FC-C3C7-55E3-7CC4B4C0A748}.Release|x86.Build.0 = Release|Any CPU
		{0B4E91CC-77FC-C3C7-55E3-7CC4B4C0A748}.Rsharp_app_release|Any CPU.ActiveCfg = Release|Any CPU
		{0B4E91CC-77FC-C3C7-55E3-7CC4B4C0A748}.Rsharp_app_release|Any CPU.Build.0 = Release|Any CPU
		{0B4E91CC-77FC-C3C7-55E3-7CC4B4C0A748}.Rsharp_app_release|x64.ActiveCfg = Release|Any CPU
		{0B4E91CC-77FC-C3C7-55E3-7CC4B4C0A748}.Rsharp_app_release|x64.Build.0 = Release|Any CPU
		{0B4E91CC-77FC-C3C7-55E3-7CC4B4C0A748}.Rsharp_app_release|x86.ActiveCfg = Release|Any CPU
		{0B4E91CC-77FC-C3C7-55E3-7CC4B4C0A748}.Rsharp_app_release|x86.Build.0 = Release|Any CPU
	EndGlobalSection
	GlobalSection(SolutionProperties) = preSolution
		HideSolutionNode = FALSE
	EndGlobalSection
	GlobalSection(NestedProjects) = preSolution
		{396CCD83-4B4E-84CB-6056-022317FD64BE} = {02EA681E-C7D8-13C7-8484-4AC65E1B71E8}
		{17050B8A-91E6-72FD-B8AF-C42BED217B56} = {02EA681E-C7D8-13C7-8484-4AC65E1B71E8}
		{51505E18-A0D1-C025-EF58-E6D65ACFEF46} = {02EA681E-C7D8-13C7-8484-4AC65E1B71E8}
		{87DCE96B-D4C8-4ED1-14A7-5A29B9F3D40C} = {02EA681E-C7D8-13C7-8484-4AC65E1B71E8}
		{5DABC780-D6D8-63AC-1C11-12B8D5B5CDC4} = {02EA681E-C7D8-13C7-8484-4AC65E1B71E8}
		{11A41FEE-FF70-F900-EF2D-AD256E1BAC3A} = {02EA681E-C7D8-13C7-8484-4AC65E1B71E8}
		{BE4A2EA0-C600-FCE9-D542-79B9A0D68583} = {02EA681E-C7D8-13C7-8484-4AC65E1B71E8}
	EndGlobalSection
	GlobalSection(ExtensibilityGlobals) = postSolution
		SolutionGuid = {C0DDC02D-9BC7-4AE8-882D-8EB2FE800554}
	EndGlobalSection
EndGlobal
